
Microsoft Visual Studio Solution File, Format Version 12.00
# Visual Studio Version 16
VisualStudioVersion = 16.0.29409.12
MinimumVisualStudioVersion = 10.0.40219.1
Project("{FAE04EC0-301F-11D3-BF4B-00C04F79EFBC}") = "Employees", "Employees\Employees.csproj", "{C8DCB9CF-E63C-462B-95D3-A46781A2BE0D}"
EndProject
Global
	GlobalSection(SolutionConfigurationPlatforms) = preSolution
		Debug|Any CPU = Debug|Any CPU
		Release|Any CPU = Release|Any CPU
	EndGlobalSection
	GlobalSection(ProjectConfigurationPlatforms) = postSolution
		{C8DCB9CF-E63C-462B-95D3-A46781A2BE0D}.Debug|Any CPU.ActiveCfg = Debug|Any CPU
		{C8DCB9CF-E63C-462B-95D3-A46781A2BE0D}.Debug|Any CPU.Build.0 = Debug|Any CPU
		{C8DCB9CF-E63C-462B-95D3-A46781A2BE0D}.Release|Any CPU.ActiveCfg = Release|Any CPU
		{C8DCB9CF-E63C-462B-95D3-A46781A2BE0D}.Release|Any CPU.Build.0 = Release|Any CPU
	EndGlobalSection
	GlobalSection(SolutionProperties) = preSolution
		HideSolutionNode = FALSE
	EndGlobalSection
	GlobalSection(ExtensibilityGlobals) = postSolution
		SolutionGuid = {DA3CE9B9-3570-4340-AEC9-1F2919B7C079}
	EndGlobalSection
EndGlobal
