
Microsoft Visual Studio Solution File, Format Version 12.00
# Visual Studio Version 16
VisualStudioVersion = 16.0.29306.81
MinimumVisualStudioVersion = 10.0.40219.1
Project("{FAE04EC0-301F-11D3-BF4B-00C04F79EFBC}") = "AstroSign", "AstroSign\AstroSign.csproj", "{32AD802B-E023-4403-B52B-A98B21CD1FAD}"
EndProject
Global
	GlobalSection(SolutionConfigurationPlatforms) = preSolution
		Debug|Any CPU = Debug|Any CPU
		Release|Any CPU = Release|Any CPU
	EndGlobalSection
	GlobalSection(ProjectConfigurationPlatforms) = postSolution
		{32AD802B-E023-4403-B52B-A98B21CD1FAD}.Debug|Any CPU.ActiveCfg = Debug|Any CPU
		{32AD802B-E023-4403-B52B-A98B21CD1FAD}.Debug|Any CPU.Build.0 = Debug|Any CPU
		{32AD802B-E023-4403-B52B-A98B21CD1FAD}.Release|Any CPU.ActiveCfg = Release|Any CPU
		{32AD802B-E023-4403-B52B-A98B21CD1FAD}.Release|Any CPU.Build.0 = Release|Any CPU
	EndGlobalSection
	GlobalSection(SolutionProperties) = preSolution
		HideSolutionNode = FALSE
	EndGlobalSection
	GlobalSection(ExtensibilityGlobals) = postSolution
		SolutionGuid = {5F959C33-3D73-4D6E-BAA4-B8084AFE3A21}
	EndGlobalSection
EndGlobal
