
Microsoft Visual Studio Solution File, Format Version 12.00
# Visual Studio Version 16
VisualStudioVersion = 16.0.29411.108
MinimumVisualStudioVersion = 10.0.40219.1
Project("{FAE04EC0-301F-11D3-BF4B-00C04F79EFBC}") = "SimpleWinFormsApp", "SimpleWinFormsApp\SimpleWinFormsApp.csproj", "{BAA435E3-0BC0-4DC4-AF0B-597BF3091B9D}"
EndProject
Global
	GlobalSection(SolutionConfigurationPlatforms) = preSolution
		Debug|Any CPU = Debug|Any CPU
		Release|Any CPU = Release|Any CPU
	EndGlobalSection
	GlobalSection(ProjectConfigurationPlatforms) = postSolution
		{BAA435E3-0BC0-4DC4-AF0B-597BF3091B9D}.Debug|Any CPU.ActiveCfg = Debug|Any CPU
		{BAA435E3-0BC0-4DC4-AF0B-597BF3091B9D}.Debug|Any CPU.Build.0 = Debug|Any CPU
		{BAA435E3-0BC0-4DC4-AF0B-597BF3091B9D}.Release|Any CPU.ActiveCfg = Release|Any CPU
		{BAA435E3-0BC0-4DC4-AF0B-597BF3091B9D}.Release|Any CPU.Build.0 = Release|Any CPU
	EndGlobalSection
	GlobalSection(SolutionProperties) = preSolution
		HideSolutionNode = FALSE
	EndGlobalSection
	GlobalSection(ExtensibilityGlobals) = postSolution
		SolutionGuid = {785FC915-966D-4326-8391-73F2C4A26E8E}
	EndGlobalSection
EndGlobal
