
Microsoft Visual Studio Solution File, Format Version 12.00
# Visual Studio Version 16
VisualStudioVersion = 16.0.29409.12
MinimumVisualStudioVersion = 10.0.40219.1
Project("{FAE04EC0-301F-11D3-BF4B-00C04F79EFBC}") = "CustomInterface", "CustomInterface\CustomInterface.csproj", "{2924EB85-583A-4259-8DCC-62B4410CD6D2}"
EndProject
Global
	GlobalSection(SolutionConfigurationPlatforms) = preSolution
		Debug|Any CPU = Debug|Any CPU
		Release|Any CPU = Release|Any CPU
	EndGlobalSection
	GlobalSection(ProjectConfigurationPlatforms) = postSolution
		{2924EB85-583A-4259-8DCC-62B4410CD6D2}.Debug|Any CPU.ActiveCfg = Debug|Any CPU
		{2924EB85-583A-4259-8DCC-62B4410CD6D2}.Debug|Any CPU.Build.0 = Debug|Any CPU
		{2924EB85-583A-4259-8DCC-62B4410CD6D2}.Release|Any CPU.ActiveCfg = Release|Any CPU
		{2924EB85-583A-4259-8DCC-62B4410CD6D2}.Release|Any CPU.Build.0 = Release|Any CPU
	EndGlobalSection
	GlobalSection(SolutionProperties) = preSolution
		HideSolutionNode = FALSE
	EndGlobalSection
	GlobalSection(ExtensibilityGlobals) = postSolution
		SolutionGuid = {0C443EEA-46FA-42A2-8248-745612023120}
	EndGlobalSection
EndGlobal
